
Microsoft Visual Studio Solution File, Format Version 12.00
# Visual Studio Version 17
VisualStudioVersion = 17.8.34525.116
MinimumVisualStudioVersion = 10.0.40219.1
Project("{2150E333-8FDC-42A3-9474-1A3956D46DE8}") = "src", "src", "{7270FA4E-2E39-4FA9-9482-AB4AB028EABD}"
EndProject
Project("{2150E333-8FDC-42A3-9474-1A3956D46DE8}") = "tests", "tests", "{C7862E5B-46BE-4ED7-B8E2-8EDC07366043}"
EndProject
Project("{FAE04EC0-301F-11D3-BF4B-00C04F79EFBC}") = "Web", "src\Web\Web.csproj", "{B83FA90D-6321-4DE4-807C-AD82C89073AE}"
EndProject
Global
	GlobalSection(SolutionConfigurationPlatforms) = preSolution
		Debug|Any CPU = Debug|Any CPU
		Release|Any CPU = Release|Any CPU
	EndGlobalSection
	GlobalSection(ProjectConfigurationPlatforms) = postSolution
		{B83FA90D-6321-4DE4-807C-AD82C89073AE}.Debug|Any CPU.ActiveCfg = Debug|Any CPU
		{B83FA90D-6321-4DE4-807C-AD82C89073AE}.Debug|Any CPU.Build.0 = Debug|Any CPU
		{B83FA90D-6321-4DE4-807C-AD82C89073AE}.Release|Any CPU.ActiveCfg = Release|Any CPU
		{B83FA90D-6321-4DE4-807C-AD82C89073AE}.Release|Any CPU.Build.0 = Release|Any CPU
	EndGlobalSection
	GlobalSection(SolutionProperties) = preSolution
		HideSolutionNode = FALSE
	EndGlobalSection
	GlobalSection(NestedProjects) = preSolution
		{B83FA90D-6321-4DE4-807C-AD82C89073AE} = {7270FA4E-2E39-4FA9-9482-AB4AB028EABD}
	EndGlobalSection
	GlobalSection(ExtensibilityGlobals) = postSolution
		SolutionGuid = {1EE91615-7467-4E23-B0E4-37122588BB9A}
	EndGlobalSection
EndGlobal
