
Microsoft Visual Studio Solution File, Format Version 12.00
# Visual Studio Version 17
VisualStudioVersion = 17.9.34701.34
MinimumVisualStudioVersion = 10.0.40219.1
Project("{9A19103F-16F7-4668-BE54-9A1E7A4F7556}") = "FiscalFlow.API", "FiscalFlow.API\FiscalFlow.API.csproj", "{744ED7BE-D004-402B-AD28-9E4E9DE84FF1}"
EndProject
Project("{9A19103F-16F7-4668-BE54-9A1E7A4F7556}") = "FiscalFlow.Domain", "FiscalFlow.Domain\FiscalFlow.Domain.csproj", "{02A5CA9C-6D81-4F73-8A74-EFAFF92D1691}"
EndProject
Project("{9A19103F-16F7-4668-BE54-9A1E7A4F7556}") = "FiscalFlow.Application", "FiscalFlow.Application\FiscalFlow.Application.csproj", "{EE498945-886B-44CA-B410-0C21E38DDF8F}"
EndProject
Project("{9A19103F-16F7-4668-BE54-9A1E7A4F7556}") = "FiscalFlow.Infrastructure", "FiscalFlow.Infrastructure\FiscalFlow.Infrastructure.csproj", "{A161935F-7918-46E8-853A-217C343EE3E8}"
EndProject
Project("{9A19103F-16F7-4668-BE54-9A1E7A4F7556}") = "FiscalFlow.Contracts", "FiscalFlow.Contracts\FiscalFlow.Contracts.csproj", "{D82C7F98-2250-46D6-8589-2A132004FE3B}"
EndProject
Global
	GlobalSection(SolutionConfigurationPlatforms) = preSolution
		Debug|Any CPU = Debug|Any CPU
		Release|Any CPU = Release|Any CPU
	EndGlobalSection
	GlobalSection(ProjectConfigurationPlatforms) = postSolution
		{744ED7BE-D004-402B-AD28-9E4E9DE84FF1}.Debug|Any CPU.ActiveCfg = Debug|Any CPU
		{744ED7BE-D004-402B-AD28-9E4E9DE84FF1}.Debug|Any CPU.Build.0 = Debug|Any CPU
		{744ED7BE-D004-402B-AD28-9E4E9DE84FF1}.Release|Any CPU.ActiveCfg = Release|Any CPU
		{744ED7BE-D004-402B-AD28-9E4E9DE84FF1}.Release|Any CPU.Build.0 = Release|Any CPU
		{02A5CA9C-6D81-4F73-8A74-EFAFF92D1691}.Debug|Any CPU.ActiveCfg = Debug|Any CPU
		{02A5CA9C-6D81-4F73-8A74-EFAFF92D1691}.Debug|Any CPU.Build.0 = Debug|Any CPU
		{02A5CA9C-6D81-4F73-8A74-EFAFF92D1691}.Release|Any CPU.ActiveCfg = Release|Any CPU
		{02A5CA9C-6D81-4F73-8A74-EFAFF92D1691}.Release|Any CPU.Build.0 = Release|Any CPU
		{EE498945-886B-44CA-B410-0C21E38DDF8F}.Debug|Any CPU.ActiveCfg = Debug|Any CPU
		{EE498945-886B-44CA-B410-0C21E38DDF8F}.Debug|Any CPU.Build.0 = Debug|Any CPU
		{EE498945-886B-44CA-B410-0C21E38DDF8F}.Release|Any CPU.ActiveCfg = Release|Any CPU
		{EE498945-886B-44CA-B410-0C21E38DDF8F}.Release|Any CPU.Build.0 = Release|Any CPU
		{A161935F-7918-46E8-853A-217C343EE3E8}.Debug|Any CPU.ActiveCfg = Debug|Any CPU
		{A161935F-7918-46E8-853A-217C343EE3E8}.Debug|Any CPU.Build.0 = Debug|Any CPU
		{A161935F-7918-46E8-853A-217C343EE3E8}.Release|Any CPU.ActiveCfg = Release|Any CPU
		{A161935F-7918-46E8-853A-217C343EE3E8}.Release|Any CPU.Build.0 = Release|Any CPU
		{D82C7F98-2250-46D6-8589-2A132004FE3B}.Debug|Any CPU.ActiveCfg = Debug|Any CPU
		{D82C7F98-2250-46D6-8589-2A132004FE3B}.Debug|Any CPU.Build.0 = Debug|Any CPU
		{D82C7F98-2250-46D6-8589-2A132004FE3B}.Release|Any CPU.ActiveCfg = Release|Any CPU
		{D82C7F98-2250-46D6-8589-2A132004FE3B}.Release|Any CPU.Build.0 = Release|Any CPU
	EndGlobalSection
	GlobalSection(SolutionProperties) = preSolution
		HideSolutionNode = FALSE
	EndGlobalSection
	GlobalSection(ExtensibilityGlobals) = postSolution
		SolutionGuid = {E4B2F17B-CD95-43F0-95B7-8FD481B4408D}
	EndGlobalSection
EndGlobal
